
Microsoft Visual Studio Solution File, Format Version 12.00
Project("{FAE04EC0-301F-11D3-BF4B-00C04F79EFBC}") = "Summer.IAM", "Summer.IAM\Summer.IAM.csproj", "{AFEF926F-766E-4296-B121-76DBBA44BB3A}"
EndProject
Project("{FAE04EC0-301F-11D3-BF4B-00C04F79EFBC}") = "Summer.IAM.Tests", "Summer.IAM.Tests\Summer.IAM.Tests.csproj", "{7A11F179-0170-4D11-9399-1A2CDCCF76FB}"
EndProject
Project("{FAE04EC0-301F-11D3-BF4B-00C04F79EFBC}") = "Summer.Testing", "Summer.Testing\Summer.Testing.csproj", "{DFC65739-FAC1-441C-AAD1-9619904E0563}"
EndProject
Project("{FAE04EC0-301F-11D3-BF4B-00C04F79EFBC}") = "Summer.Demo", "Summer.Demo\Summer.Demo.csproj", "{A643A379-6FD7-49AB-A949-CFD9458B03BF}"
EndProject
Project("{FAE04EC0-301F-11D3-BF4B-00C04F79EFBC}") = "Summer.Environment", "Summer.Environment\Summer.Environment.csproj", "{E9F65314-E485-4C8B-862B-4CA144768E1B}"
EndProject
Project("{FAE04EC0-301F-11D3-BF4B-00C04F79EFBC}") = "Summer.Environment.PulumiAws", "Summer.Environment.PulumiAws\Summer.Environment.PulumiAws.csproj", "{849B0AA7-C044-4FD4-A718-8351DFB30227}"
EndProject
Project("{2150E333-8FDC-42A3-9474-1A3956D46DE8}") = "Env", "Env", "{1CC0D4C8-C3FC-4455-AC51-77CCFE29BD63}"
EndProject
Project("{FAE04EC0-301F-11D3-BF4B-00C04F79EFBC}") = "Summer.Environment.KnownTokens", "Summer.Environment.KnownTokens\Summer.Environment.KnownTokens.csproj", "{7CEBF452-429A-41AC-971F-B9A98BB8B5DC}"
EndProject
Project("{FAE04EC0-301F-11D3-BF4B-00C04F79EFBC}") = "Summer.Core", "Summer.Core\Summer.Core.csproj", "{F06965CD-59F4-44D9-B9A6-C8753889D0F5}"
EndProject
Project("{FAE04EC0-301F-11D3-BF4B-00C04F79EFBC}") = "Summer.SchemaGen", "Summer.SchemaGen\Summer.SchemaGen\Summer.SchemaGen.csproj", "{335FE972-5C74-40D2-97F6-0D21C842972A}"
EndProject
Project("{2150E333-8FDC-42A3-9474-1A3956D46DE8}") = "Generators", "Generators", "{F74CCA76-7292-4217-979A-07331AADDF32}"
EndProject
Project("{FAE04EC0-301F-11D3-BF4B-00C04F79EFBC}") = "Summer.AWSServiceManifest", "Summer.AWSServiceManifest\Summer.AWSServiceManifest.csproj", "{157C4CC1-F622-46DF-ACF8-B4BD9C77D457}"
EndProject
Project("{FAE04EC0-301F-11D3-BF4B-00C04F79EFBC}") = "Summer.AWSServiceManifest.Demo", "Summer.AWSServiceManifest.Demo\Summer.AWSServiceManifest.Demo.csproj", "{C8BF31F7-27DA-45A8-99FF-8D8BFB9BB2AE}"
EndProject
Project("{FAE04EC0-301F-11D3-BF4B-00C04F79EFBC}") = "Summer.MaestroAdmin", "Summer.MaestroAdmin\Summer.MaestroAdmin.csproj", "{C312B57B-5837-407F-B43A-AD69AC4C79E2}"
EndProject
Project("{2150E333-8FDC-42A3-9474-1A3956D46DE8}") = "Runner", "Runner", "{2453F383-5D3C-4ABB-ABDE-C30FEEA64F62}"
EndProject
Project("{FAE04EC0-301F-11D3-BF4B-00C04F79EFBC}") = "Summer.Cli", "Summer.Cli\Summer.Cli.csproj", "{147B1C39-861E-458A-BAD3-E61A3C041C6D}"
EndProject
Project("{FAE04EC0-301F-11D3-BF4B-00C04F79EFBC}") = "Summer.FactSpec", "Summer.FactSpec\Summer.FactSpec.csproj", "{98B861B7-E78E-49E1-A256-7FDEAD61B0B6}"
EndProject
Project("{FAE04EC0-301F-11D3-BF4B-00C04F79EFBC}") = "Summer.Security", "Summer.Security\Summer.Security.csproj", "{72517D68-31C7-4499-888F-15E8024152B7}"
EndProject
Global
	GlobalSection(SolutionConfigurationPlatforms) = preSolution
		Debug|Any CPU = Debug|Any CPU
		Release|Any CPU = Release|Any CPU
	EndGlobalSection
	GlobalSection(ProjectConfigurationPlatforms) = postSolution
		{AFEF926F-766E-4296-B121-76DBBA44BB3A}.Debug|Any CPU.ActiveCfg = Debug|Any CPU
		{AFEF926F-766E-4296-B121-76DBBA44BB3A}.Debug|Any CPU.Build.0 = Debug|Any CPU
		{AFEF926F-766E-4296-B121-76DBBA44BB3A}.Release|Any CPU.ActiveCfg = Release|Any CPU
		{AFEF926F-766E-4296-B121-76DBBA44BB3A}.Release|Any CPU.Build.0 = Release|Any CPU
		{7A11F179-0170-4D11-9399-1A2CDCCF76FB}.Debug|Any CPU.ActiveCfg = Debug|Any CPU
		{7A11F179-0170-4D11-9399-1A2CDCCF76FB}.Debug|Any CPU.Build.0 = Debug|Any CPU
		{7A11F179-0170-4D11-9399-1A2CDCCF76FB}.Release|Any CPU.ActiveCfg = Release|Any CPU
		{7A11F179-0170-4D11-9399-1A2CDCCF76FB}.Release|Any CPU.Build.0 = Release|Any CPU
		{DFC65739-FAC1-441C-AAD1-9619904E0563}.Debug|Any CPU.ActiveCfg = Debug|Any CPU
		{DFC65739-FAC1-441C-AAD1-9619904E0563}.Debug|Any CPU.Build.0 = Debug|Any CPU
		{DFC65739-FAC1-441C-AAD1-9619904E0563}.Release|Any CPU.ActiveCfg = Release|Any CPU
		{DFC65739-FAC1-441C-AAD1-9619904E0563}.Release|Any CPU.Build.0 = Release|Any CPU
		{A643A379-6FD7-49AB-A949-CFD9458B03BF}.Debug|Any CPU.ActiveCfg = Debug|Any CPU
		{A643A379-6FD7-49AB-A949-CFD9458B03BF}.Debug|Any CPU.Build.0 = Debug|Any CPU
		{A643A379-6FD7-49AB-A949-CFD9458B03BF}.Release|Any CPU.ActiveCfg = Release|Any CPU
		{A643A379-6FD7-49AB-A949-CFD9458B03BF}.Release|Any CPU.Build.0 = Release|Any CPU
		{E9F65314-E485-4C8B-862B-4CA144768E1B}.Debug|Any CPU.ActiveCfg = Debug|Any CPU
		{E9F65314-E485-4C8B-862B-4CA144768E1B}.Debug|Any CPU.Build.0 = Debug|Any CPU
		{E9F65314-E485-4C8B-862B-4CA144768E1B}.Release|Any CPU.ActiveCfg = Release|Any CPU
		{E9F65314-E485-4C8B-862B-4CA144768E1B}.Release|Any CPU.Build.0 = Release|Any CPU
		{849B0AA7-C044-4FD4-A718-8351DFB30227}.Debug|Any CPU.ActiveCfg = Debug|Any CPU
		{849B0AA7-C044-4FD4-A718-8351DFB30227}.Debug|Any CPU.Build.0 = Debug|Any CPU
		{849B0AA7-C044-4FD4-A718-8351DFB30227}.Release|Any CPU.ActiveCfg = Release|Any CPU
		{849B0AA7-C044-4FD4-A718-8351DFB30227}.Release|Any CPU.Build.0 = Release|Any CPU
		{7CEBF452-429A-41AC-971F-B9A98BB8B5DC}.Debug|Any CPU.ActiveCfg = Debug|Any CPU
		{7CEBF452-429A-41AC-971F-B9A98BB8B5DC}.Debug|Any CPU.Build.0 = Debug|Any CPU
		{7CEBF452-429A-41AC-971F-B9A98BB8B5DC}.Release|Any CPU.ActiveCfg = Release|Any CPU
		{7CEBF452-429A-41AC-971F-B9A98BB8B5DC}.Release|Any CPU.Build.0 = Release|Any CPU
		{F06965CD-59F4-44D9-B9A6-C8753889D0F5}.Debug|Any CPU.ActiveCfg = Debug|Any CPU
		{F06965CD-59F4-44D9-B9A6-C8753889D0F5}.Debug|Any CPU.Build.0 = Debug|Any CPU
		{F06965CD-59F4-44D9-B9A6-C8753889D0F5}.Release|Any CPU.ActiveCfg = Release|Any CPU
		{F06965CD-59F4-44D9-B9A6-C8753889D0F5}.Release|Any CPU.Build.0 = Release|Any CPU
		{335FE972-5C74-40D2-97F6-0D21C842972A}.Debug|Any CPU.ActiveCfg = Debug|Any CPU
		{335FE972-5C74-40D2-97F6-0D21C842972A}.Debug|Any CPU.Build.0 = Debug|Any CPU
		{335FE972-5C74-40D2-97F6-0D21C842972A}.Release|Any CPU.ActiveCfg = Release|Any CPU
		{335FE972-5C74-40D2-97F6-0D21C842972A}.Release|Any CPU.Build.0 = Release|Any CPU
		{157C4CC1-F622-46DF-ACF8-B4BD9C77D457}.Debug|Any CPU.ActiveCfg = Debug|Any CPU
		{157C4CC1-F622-46DF-ACF8-B4BD9C77D457}.Debug|Any CPU.Build.0 = Debug|Any CPU
		{157C4CC1-F622-46DF-ACF8-B4BD9C77D457}.Release|Any CPU.ActiveCfg = Release|Any CPU
		{157C4CC1-F622-46DF-ACF8-B4BD9C77D457}.Release|Any CPU.Build.0 = Release|Any CPU
		{C8BF31F7-27DA-45A8-99FF-8D8BFB9BB2AE}.Debug|Any CPU.ActiveCfg = Debug|Any CPU
		{C8BF31F7-27DA-45A8-99FF-8D8BFB9BB2AE}.Debug|Any CPU.Build.0 = Debug|Any CPU
		{C8BF31F7-27DA-45A8-99FF-8D8BFB9BB2AE}.Release|Any CPU.ActiveCfg = Release|Any CPU
		{C8BF31F7-27DA-45A8-99FF-8D8BFB9BB2AE}.Release|Any CPU.Build.0 = Release|Any CPU
		{C312B57B-5837-407F-B43A-AD69AC4C79E2}.Debug|Any CPU.ActiveCfg = Debug|Any CPU
		{C312B57B-5837-407F-B43A-AD69AC4C79E2}.Debug|Any CPU.Build.0 = Debug|Any CPU
		{C312B57B-5837-407F-B43A-AD69AC4C79E2}.Release|Any CPU.ActiveCfg = Release|Any CPU
		{C312B57B-5837-407F-B43A-AD69AC4C79E2}.Release|Any CPU.Build.0 = Release|Any CPU
		{147B1C39-861E-458A-BAD3-E61A3C041C6D}.Debug|Any CPU.ActiveCfg = Debug|Any CPU
		{147B1C39-861E-458A-BAD3-E61A3C041C6D}.Debug|Any CPU.Build.0 = Debug|Any CPU
		{147B1C39-861E-458A-BAD3-E61A3C041C6D}.Release|Any CPU.ActiveCfg = Release|Any CPU
		{147B1C39-861E-458A-BAD3-E61A3C041C6D}.Release|Any CPU.Build.0 = Release|Any CPU
		{98B861B7-E78E-49E1-A256-7FDEAD61B0B6}.Debug|Any CPU.ActiveCfg = Debug|Any CPU
		{98B861B7-E78E-49E1-A256-7FDEAD61B0B6}.Debug|Any CPU.Build.0 = Debug|Any CPU
		{98B861B7-E78E-49E1-A256-7FDEAD61B0B6}.Release|Any CPU.ActiveCfg = Release|Any CPU
		{98B861B7-E78E-49E1-A256-7FDEAD61B0B6}.Release|Any CPU.Build.0 = Release|Any CPU
		{72517D68-31C7-4499-888F-15E8024152B7}.Debug|Any CPU.ActiveCfg = Debug|Any CPU
		{72517D68-31C7-4499-888F-15E8024152B7}.Debug|Any CPU.Build.0 = Debug|Any CPU
		{72517D68-31C7-4499-888F-15E8024152B7}.Release|Any CPU.ActiveCfg = Release|Any CPU
		{72517D68-31C7-4499-888F-15E8024152B7}.Release|Any CPU.Build.0 = Release|Any CPU
	EndGlobalSection
	GlobalSection(NestedProjects) = preSolution
		{E9F65314-E485-4C8B-862B-4CA144768E1B} = {1CC0D4C8-C3FC-4455-AC51-77CCFE29BD63}
		{849B0AA7-C044-4FD4-A718-8351DFB30227} = {1CC0D4C8-C3FC-4455-AC51-77CCFE29BD63}
		{7CEBF452-429A-41AC-971F-B9A98BB8B5DC} = {1CC0D4C8-C3FC-4455-AC51-77CCFE29BD63}
		{335FE972-5C74-40D2-97F6-0D21C842972A} = {F74CCA76-7292-4217-979A-07331AADDF32}
		{157C4CC1-F622-46DF-ACF8-B4BD9C77D457} = {F74CCA76-7292-4217-979A-07331AADDF32}
		{C8BF31F7-27DA-45A8-99FF-8D8BFB9BB2AE} = {F74CCA76-7292-4217-979A-07331AADDF32}
		{147B1C39-861E-458A-BAD3-E61A3C041C6D} = {2453F383-5D3C-4ABB-ABDE-C30FEEA64F62}
	EndGlobalSection
EndGlobal
